{
  "name": "wearesho-fingerprint",
  "version": "1.0.0",
  "lockfileVersion": 1,
  "requires": true,
  "dependencies": {
    "fingerprintjs2": {
      "version": "1.8.1",
      "resolved": "https://registry.npmjs.org/fingerprintjs2/-/fingerprintjs2-1.8.1.tgz",
      "integrity": "sha512-RvYf+c+w6AM0n56KzyBE+jwJtkhMwQAX+jLYjfMRSh30o+H0r8Ix1R8acJkkkFcvS8VDlPAgUnrFOzauBXVmRw=="
    }
  }
}
