{
  "name": "@wearesho/fingerprint-generator",
  "version": "1.0.2",
  "lockfileVersion": 1,
  "requires": true,
  "dependencies": {
    "@types/js-cookie": {
      "version": "2.1.0",
      "resolved": "https://registry.npmjs.org/@types/js-cookie/-/js-cookie-2.1.0.tgz",
      "integrity": "sha512-vPT5MV1pD71RFUD0ytp6Yw51W6zKJ9Qn2AcJXSD2TZqYKaXUtCxB3WZIXXFZtbAEVMgC59nmvVPSOH0EIvkaZg==",
      "dev": true
    },
    "fingerprintjs2": {
      "version": "1.8.1",
      "resolved": "https://registry.npmjs.org/fingerprintjs2/-/fingerprintjs2-1.8.1.tgz",
      "integrity": "sha512-RvYf+c+w6AM0n56KzyBE+jwJtkhMwQAX+jLYjfMRSh30o+H0r8Ix1R8acJkkkFcvS8VDlPAgUnrFOzauBXVmRw=="
    },
    "js-cookie": {
      "version": "2.2.0",
      "resolved": "https://registry.npmjs.org/js-cookie/-/js-cookie-2.2.0.tgz",
      "integrity": "sha1-Gywnmm7s44ChIWi5JIUmWzWx7/s="
    }
  }
}
